
Microsoft Visual Studio Solution File, Format Version 12.00
# Visual Studio Version 16
VisualStudioVersion = 16.0.30413.136
MinimumVisualStudioVersion = 10.0.40219.1
Project("{9A19103F-16F7-4668-BE54-9A1E7A4F7556}") = "MD5Test.ConsoleTest", "MD5Test.ConsoleTest\MD5Test.ConsoleTest.csproj", "{25A292E6-0B4F-44C5-A4DC-623685C64D53}"
EndProject
Global
	GlobalSection(SolutionConfigurationPlatforms) = preSolution
		Debug|Any CPU = Debug|Any CPU
		Release|Any CPU = Release|Any CPU
	EndGlobalSection
	GlobalSection(ProjectConfigurationPlatforms) = postSolution
		{25A292E6-0B4F-44C5-A4DC-623685C64D53}.Debug|Any CPU.ActiveCfg = Debug|Any CPU
		{25A292E6-0B4F-44C5-A4DC-623685C64D53}.Debug|Any CPU.Build.0 = Debug|Any CPU
		{25A292E6-0B4F-44C5-A4DC-623685C64D53}.Release|Any CPU.ActiveCfg = Release|Any CPU
		{25A292E6-0B4F-44C5-A4DC-623685C64D53}.Release|Any CPU.Build.0 = Release|Any CPU
	EndGlobalSection
	GlobalSection(SolutionProperties) = preSolution
		HideSolutionNode = FALSE
	EndGlobalSection
	GlobalSection(ExtensibilityGlobals) = postSolution
		SolutionGuid = {175D9C43-9785-4001-8928-73DE9142449F}
	EndGlobalSection
EndGlobal
